
Microsoft Visual Studio Solution File, Format Version 12.00
# Visual Studio 2013
VisualStudioVersion = 12.0.21005.1
MinimumVisualStudioVersion = 10.0.40219.1
Project("{8BC9CEB8-8B4A-11D0-8D11-00A0C91BC942}") = "fcc", "fcc\fcc.vcxproj", "{6278F244-F0E1-403F-A15E-5C52960DC538}"
EndProject
Global
	GlobalSection(SolutionConfigurationPlatforms) = preSolution
		Debug|Win32 = Debug|Win32
		Release|Win32 = Release|Win32
	EndGlobalSection
	GlobalSection(ProjectConfigurationPlatforms) = postSolution
		{6278F244-F0E1-403F-A15E-5C52960DC538}.Debug|Win32.ActiveCfg = Debug|Win32
		{6278F244-F0E1-403F-A15E-5C52960DC538}.Debug|Win32.Build.0 = Debug|Win32
		{6278F244-F0E1-403F-A15E-5C52960DC538}.Release|Win32.ActiveCfg = Release|Win32
		{6278F244-F0E1-403F-A15E-5C52960DC538}.Release|Win32.Build.0 = Release|Win32
	EndGlobalSection
	GlobalSection(SolutionProperties) = preSolution
		HideSolutionNode = FALSE
	EndGlobalSection
EndGlobal
